Microsoft Visual Studio Solution File, Format Version 12.00
# Visual Studio Version 17
VisualStudioVersion = 17.5.2.0
MinimumVisualStudioVersion = 10.0.40219.1
Project("{FAE04EC0-301F-11D3-BF4B-00C04F79EFBC}") = "KararMotoru", "KararMotoru\KararMotoru.csproj", "{A8ACC428-4FAF-8B08-2E39-856DF1B061C5}"
EndProject
Global
	GlobalSection(SolutionConfigurationPlatforms) = preSolution
		Debug|Any CPU = Debug|Any CPU
		Release|Any CPU = Release|Any CPU
	EndGlobalSection
	GlobalSection(ProjectConfigurationPlatforms) = postSolution
		{A8ACC428-4FAF-8B08-2E39-856DF1B061C5}.Debug|Any CPU.ActiveCfg = Debug|Any CPU
		{A8ACC428-4FAF-8B08-2E39-856DF1B061C5}.Debug|Any CPU.Build.0 = Debug|Any CPU
		{A8ACC428-4FAF-8B08-2E39-856DF1B061C5}.Release|Any CPU.ActiveCfg = Release|Any CPU
		{A8ACC428-4FAF-8B08-2E39-856DF1B061C5}.Release|Any CPU.Build.0 = Release|Any CPU
	EndGlobalSection
	GlobalSection(SolutionProperties) = preSolution
		HideSolutionNode = FALSE
	EndGlobalSection
	GlobalSection(ExtensibilityGlobals) = postSolution
		SolutionGuid = {AE18DE5E-7F5A-4C7A-B3E1-52798F13918F}
	EndGlobalSection
EndGlobal
